
Microsoft Visual Studio Solution File, Format Version 12.00
# Visual Studio Version 17
VisualStudioVersion = 17.5.33627.172
MinimumVisualStudioVersion = 10.0.40219.1
Project("{FAE04EC0-301F-11D3-BF4B-00C04F79EFBC}") = "user_manager", "user_manager\user_manager.csproj", "{CEE21DAF-010C-4474-920F-A718860750C6}"
EndProject
Global
	GlobalSection(SolutionConfigurationPlatforms) = preSolution
		Debug|Any CPU = Debug|Any CPU
		Release|Any CPU = Release|Any CPU
	EndGlobalSection
	GlobalSection(ProjectConfigurationPlatforms) = postSolution
		{CEE21DAF-010C-4474-920F-A718860750C6}.Debug|Any CPU.ActiveCfg = Debug|Any CPU
		{CEE21DAF-010C-4474-920F-A718860750C6}.Debug|Any CPU.Build.0 = Debug|Any CPU
		{CEE21DAF-010C-4474-920F-A718860750C6}.Release|Any CPU.ActiveCfg = Release|Any CPU
		{CEE21DAF-010C-4474-920F-A718860750C6}.Release|Any CPU.Build.0 = Release|Any CPU
	EndGlobalSection
	GlobalSection(SolutionProperties) = preSolution
		HideSolutionNode = FALSE
	EndGlobalSection
	GlobalSection(ExtensibilityGlobals) = postSolution
		SolutionGuid = {C840A79D-7382-4CFE-8B93-FA0E86D12B18}
	EndGlobalSection
EndGlobal
